
Microsoft Visual Studio Solution File, Format Version 12.00
# Visual Studio Version 16
VisualStudioVersion = 16.0.33027.164
MinimumVisualStudioVersion = 10.0.40219.1
Project("{FAE04EC0-301F-11D3-BF4B-00C04F79EFBC}") = "PIM_VIII", "PIM_VIII\PIM_VIII.csproj", "{231A238A-6DF1-4FBC-8199-4282991D5D8F}"
EndProject
Global
	GlobalSection(SolutionConfigurationPlatforms) = preSolution
		Debug|Any CPU = Debug|Any CPU
		Release|Any CPU = Release|Any CPU
	EndGlobalSection
	GlobalSection(ProjectConfigurationPlatforms) = postSolution
		{231A238A-6DF1-4FBC-8199-4282991D5D8F}.Debug|Any CPU.ActiveCfg = Debug|Any CPU
		{231A238A-6DF1-4FBC-8199-4282991D5D8F}.Debug|Any CPU.Build.0 = Debug|Any CPU
		{231A238A-6DF1-4FBC-8199-4282991D5D8F}.Release|Any CPU.ActiveCfg = Release|Any CPU
		{231A238A-6DF1-4FBC-8199-4282991D5D8F}.Release|Any CPU.Build.0 = Release|Any CPU
	EndGlobalSection
	GlobalSection(SolutionProperties) = preSolution
		HideSolutionNode = FALSE
	EndGlobalSection
	GlobalSection(ExtensibilityGlobals) = postSolution
		SolutionGuid = {CA7670EA-0544-45DD-9FE9-F0E513A4A70F}
	EndGlobalSection
EndGlobal
